
Microsoft Visual Studio Solution File, Format Version 12.00
# Visual Studio 2012
Project("{24730798-4FFB-11EA-917D-8F015258FE8A}") = "PersistentRotation", "Source\PersistentRotation.csproj", "{2DAE0E48-4FFB-11EA-A174-77534CE4000E}"
EndProject
Global
	GlobalSection(SolutionConfigurationPlatforms) = preSolution
		Debug|Any CPU = Debug|Any CPU
		Release|Any CPU = Release|Any CPU
	EndGlobalSection
	GlobalSection(ProjectConfigurationPlatforms) = postSolution
		{2DAE0E48-4FFB-11EA-A174-77534CE4000E}.Release|Any CPU.ActiveCfg = Release|Any CPU
		{2DAE0E48-4FFB-11EA-A174-77534CE4000E}.Release|Any CPU.Build.0 = Release|Any CPU
		{2DAE0E48-4FFB-11EA-A174-77534CE4000E}.Debug|Any CPU.ActiveCfg = Debug|Any CPU
		{2DAE0E48-4FFB-11EA-A174-77534CE4000E}.Debug|Any CPU.Build.0 = Debug|Any CPU
	EndGlobalSection
EndGlobal
