
Microsoft Visual Studio Solution File, Format Version 12.00
# Visual Studio 15
VisualStudioVersion = 15.0.27130.2010
MinimumVisualStudioVersion = 10.0.40219.1
Project("{FAE04EC0-301F-11D3-BF4B-00C04F79EFBC}") = "PersistentRotation", "PersistentRotation.csproj", "{77875683-5BA8-435F-8A73-0F602A3C8772}"
EndProject
Global
	GlobalSection(SolutionConfigurationPlatforms) = preSolution
		Debug|Any CPU = Debug|Any CPU
		Release|Any CPU = Release|Any CPU
	EndGlobalSection
	GlobalSection(ProjectConfigurationPlatforms) = postSolution
		{77875683-5BA8-435F-8A73-0F602A3C8772}.Debug|Any CPU.ActiveCfg = Debug|Any CPU
		{77875683-5BA8-435F-8A73-0F602A3C8772}.Debug|Any CPU.Build.0 = Debug|Any CPU
		{77875683-5BA8-435F-8A73-0F602A3C8772}.Release|Any CPU.ActiveCfg = Release|Any CPU
		{77875683-5BA8-435F-8A73-0F602A3C8772}.Release|Any CPU.Build.0 = Release|Any CPU
	EndGlobalSection
	GlobalSection(SolutionProperties) = preSolution
		HideSolutionNode = FALSE
	EndGlobalSection
	GlobalSection(ExtensibilityGlobals) = postSolution
		SolutionGuid = {B9A41F1E-A700-4A24-A382-FB576986FB06}
	EndGlobalSection
EndGlobal
